
Microsoft Visual Studio Solution File, Format Version 12.00
# Visual Studio Version 17
VisualStudioVersion = 17.5.33414.496
MinimumVisualStudioVersion = 10.0.40219.1
Project("{9A19103F-16F7-4668-BE54-9A1E7A4F7556}") = "PASEDM", "WPFUI\PASEDM.csproj", "{7ACA8E29-1CF6-418B-8BF7-C5F0F2D0C2CA}"
EndProject
Project("{9A19103F-16F7-4668-BE54-9A1E7A4F7556}") = "HamburgerMenuControl", "HamburgerMenuControl\HamburgerMenuControl.csproj", "{9A258994-9B18-4832-9C24-DBAD58E0662E}"
EndProject
Project("{9A19103F-16F7-4668-BE54-9A1E7A4F7556}") = "ModalControl", "ModalControl\ModalControl.csproj", "{5D53C50F-831A-44C4-A15E-5FE45365FA42}"
EndProject
Project("{54435603-DBB4-11D2-8724-00A0C9A8B90C}") = "Setup1", "Setup1\Setup1.vdproj", "{0EF9F40F-90A2-43EE-A66F-A8705C976C72}"
EndProject
Global
	GlobalSection(SolutionConfigurationPlatforms) = preSolution
		Debug|Any CPU = Debug|Any CPU
		Release|Any CPU = Release|Any CPU
	EndGlobalSection
	GlobalSection(ProjectConfigurationPlatforms) = postSolution
		{7ACA8E29-1CF6-418B-8BF7-C5F0F2D0C2CA}.Debug|Any CPU.ActiveCfg = Debug|Any CPU
		{7ACA8E29-1CF6-418B-8BF7-C5F0F2D0C2CA}.Debug|Any CPU.Build.0 = Debug|Any CPU
		{7ACA8E29-1CF6-418B-8BF7-C5F0F2D0C2CA}.Release|Any CPU.ActiveCfg = Release|Any CPU
		{7ACA8E29-1CF6-418B-8BF7-C5F0F2D0C2CA}.Release|Any CPU.Build.0 = Release|Any CPU
		{9A258994-9B18-4832-9C24-DBAD58E0662E}.Debug|Any CPU.ActiveCfg = Debug|Any CPU
		{9A258994-9B18-4832-9C24-DBAD58E0662E}.Debug|Any CPU.Build.0 = Debug|Any CPU
		{9A258994-9B18-4832-9C24-DBAD58E0662E}.Release|Any CPU.ActiveCfg = Release|Any CPU
		{9A258994-9B18-4832-9C24-DBAD58E0662E}.Release|Any CPU.Build.0 = Release|Any CPU
		{5D53C50F-831A-44C4-A15E-5FE45365FA42}.Debug|Any CPU.ActiveCfg = Debug|Any CPU
		{5D53C50F-831A-44C4-A15E-5FE45365FA42}.Debug|Any CPU.Build.0 = Debug|Any CPU
		{5D53C50F-831A-44C4-A15E-5FE45365FA42}.Release|Any CPU.ActiveCfg = Release|Any CPU
		{5D53C50F-831A-44C4-A15E-5FE45365FA42}.Release|Any CPU.Build.0 = Release|Any CPU
		{0EF9F40F-90A2-43EE-A66F-A8705C976C72}.Debug|Any CPU.ActiveCfg = Debug
		{0EF9F40F-90A2-43EE-A66F-A8705C976C72}.Release|Any CPU.ActiveCfg = Release
	EndGlobalSection
	GlobalSection(SolutionProperties) = preSolution
		HideSolutionNode = FALSE
	EndGlobalSection
	GlobalSection(ExtensibilityGlobals) = postSolution
		SolutionGuid = {64BB1CFD-1E86-4E21-93C8-CF8A1F43480C}
	EndGlobalSection
EndGlobal
